
Microsoft Visual Studio Solution File, Format Version 12.00
# Visual Studio Version 17
VisualStudioVersion = 17.0.31903.59
MinimumVisualStudioVersion = 10.0.40219.1
Project("{2150E333-8FDC-42A3-9474-1A3956D46DE8}") = "01-StatelessGrain", "01-StatelessGrain", "{A5BA735B-D938-B417-81B2-3D277167FF41}"
EndProject
Project("{2150E333-8FDC-42A3-9474-1A3956D46DE8}") = "Grains", "Grains", "{9FE5F4A6-2420-9881-D325-3F3941F93AFE}"
EndProject
Project("{FAE04EC0-301F-11D3-BF4B-00C04F79EFBC}") = "Tutorial.StatelessGrain.Grains", "01-StatelessGrain\Grains\Tutorial.StatelessGrain.Grains\Tutorial.StatelessGrain.Grains.csproj", "{4663C9F1-5716-44B8-81F5-5B5D2C306BA5}"
EndProject
Project("{FAE04EC0-301F-11D3-BF4B-00C04F79EFBC}") = "Tutorial.StatelessGrain.SiloHost", "01-StatelessGrain\SiloHost\Tutorial.StatelessGrain.SiloHost\Tutorial.StatelessGrain.SiloHost.csproj", "{905BA0B4-D649-422E-AA3B-798163EF2AEE}"
EndProject
Project("{FAE04EC0-301F-11D3-BF4B-00C04F79EFBC}") = "Tutorial.StatelessGrain.Client", "01-StatelessGrain\Client\Tutorial.StatelessGrain.Client\Tutorial.StatelessGrain.Client.csproj", "{EEAD1949-68CC-4800-92A8-8FEED4D479EA}"
EndProject
Project("{2150E333-8FDC-42A3-9474-1A3956D46DE8}") = "02-StatefulGrain", "02-StatefulGrain", "{337B42F7-2884-7D63-C49A-5498B90A4DE6}"
EndProject
Project("{2150E333-8FDC-42A3-9474-1A3956D46DE8}") = "Grains", "Grains", "{DC7D95FC-1ADF-F3C5-00CD-F8B73933814E}"
EndProject
Project("{FAE04EC0-301F-11D3-BF4B-00C04F79EFBC}") = "Tutorial.StatefulGrain.Grains", "02-StatefulGrain\Grains\Tutorial.StatefulGrain.Grains\Tutorial.StatefulGrain.Grains.csproj", "{17B538D4-3FA1-414C-9A4B-EF19489D5F34}"
EndProject
Project("{FAE04EC0-301F-11D3-BF4B-00C04F79EFBC}") = "Tutorial.StatefulGrain.SiloHost", "02-StatefulGrain\SiloHost\Tutorial.StatefulGrain.SiloHost\Tutorial.StatefulGrain.SiloHost.csproj", "{21EEBCCC-FA00-4619-A62C-79B8562AF3E4}"
EndProject
Project("{FAE04EC0-301F-11D3-BF4B-00C04F79EFBC}") = "Tutorial.StatefulGrain.Client", "02-StatefulGrain\Client\Tutorial.StatefulGrain.Client\Tutorial.StatefulGrain.Client.csproj", "{DAD79EC9-0663-41FB-BA8C-62F44DC5F772}"
EndProject
Project("{2150E333-8FDC-42A3-9474-1A3956D46DE8}") = "03-TransactionalGrain", "03-TransactionalGrain", "{AD67065E-8513-AC29-9C8D-FD3371D44C83}"
EndProject
Project("{2150E333-8FDC-42A3-9474-1A3956D46DE8}") = "Grains", "Grains", "{4F255E75-CFF0-3635-CBA7-F8E11726DF91}"
EndProject
Project("{FAE04EC0-301F-11D3-BF4B-00C04F79EFBC}") = "Tutorial.TransactionalGrain.Grains", "03-TransactionalGrain\Grains\Tutorial.TransactionalGrain.Grains\Tutorial.TransactionalGrain.Grains.csproj", "{BD64AADC-9CFA-40C0-B46A-19A6FC251550}"
EndProject
Project("{FAE04EC0-301F-11D3-BF4B-00C04F79EFBC}") = "Tutorial.TransactionalGrain.SiloHost", "03-TransactionalGrain\SiloHost\Tutorial.TransactionalGrain.SiloHost\Tutorial.TransactionalGrain.SiloHost.csproj", "{D6A97439-6D05-47C0-BEEF-BA3F9AAB368E}"
EndProject
Project("{FAE04EC0-301F-11D3-BF4B-00C04F79EFBC}") = "Tutorial.TransactionalGrain.Client", "03-TransactionalGrain\Client\Tutorial.TransactionalGrain.Client\Tutorial.TransactionalGrain.Client.csproj", "{E5426959-2B28-40E4-A637-716C74E08FC4}"
EndProject
Project("{2150E333-8FDC-42A3-9474-1A3956D46DE8}") = "04-WorkerGrains", "04-WorkerGrains", "{CA5B4A13-3E51-11D6-E7FE-CE5D98364266}"
EndProject
Project("{2150E333-8FDC-42A3-9474-1A3956D46DE8}") = "Grains", "Grains", "{D8E41F31-9FE9-110F-9392-CB1A4B22B54B}"
EndProject
Project("{FAE04EC0-301F-11D3-BF4B-00C04F79EFBC}") = "Tutorial.WorkerGrains.Grains", "04-WorkerGrains\Grains\Tutorial.WorkerGrains.Grains\Tutorial.WorkerGrains.Grains.csproj", "{0B708024-013F-4A88-B948-D82D916DB861}"
EndProject
Project("{FAE04EC0-301F-11D3-BF4B-00C04F79EFBC}") = "Tutorial.WorkerGrains.SiloHost", "04-WorkerGrains\SiloHost\Tutorial.WorkerGrains.SiloHost\Tutorial.WorkerGrains.SiloHost.csproj", "{DF9AE057-770C-45FA-A4EE-D4E512CF885E}"
EndProject
Project("{FAE04EC0-301F-11D3-BF4B-00C04F79EFBC}") = "Tutorial.WorkerGrains.Client", "04-WorkerGrains\Client\Tutorial.WorkerGrains.Client\Tutorial.WorkerGrains.Client.csproj", "{681E8836-C52E-41C9-AE1B-F67F66F6D924}"
EndProject
Project("{2150E333-8FDC-42A3-9474-1A3956D46DE8}") = "05-ClientSDK", "05-ClientSDK", "{ADB67879-2487-7C41-BAE6-F1BCE7802448}"
EndProject
Project("{2150E333-8FDC-42A3-9474-1A3956D46DE8}") = "Grains", "Grains", "{7392B133-40D0-3DEB-AB9D-433F98993958}"
EndProject
Project("{FAE04EC0-301F-11D3-BF4B-00C04F79EFBC}") = "Tutorial.ClientSDK.Grains", "05-ClientSDK\Grains\Tutorial.ClientSDK.Grains\Tutorial.ClientSDK.Grains.csproj", "{54BAE238-3B9F-40F3-843D-91872B1B256C}"
EndProject
Project("{FAE04EC0-301F-11D3-BF4B-00C04F79EFBC}") = "Tutorial.ClientSDK.SiloHost", "05-ClientSDK\SiloHost\Tutorial.ClientSDK.SiloHost\Tutorial.ClientSDK.SiloHost.csproj", "{40418DD3-C8F6-4242-8382-180133098DE2}"
EndProject
Project("{FAE04EC0-301F-11D3-BF4B-00C04F79EFBC}") = "Tutorial.ClientSDK.Client", "05-ClientSDK\Client\Tutorial.ClientSDK.Client\Tutorial.ClientSDK.Client.csproj", "{078FF608-DC97-48DF-8BAE-97A0DC9C007C}"
EndProject
Project("{2150E333-8FDC-42A3-9474-1A3956D46DE8}") = "06-Streams", "06-Streams", "{E6CEDFE5-57F7-118C-8C82-F12A791CA554}"
EndProject
Project("{2150E333-8FDC-42A3-9474-1A3956D46DE8}") = "Grains", "Grains", "{A5FF9E7E-9B97-DEAF-335C-52A8F180E1EE}"
EndProject
Project("{FAE04EC0-301F-11D3-BF4B-00C04F79EFBC}") = "Tutorial.Streams.Grains", "06-Streams\Grains\Tutorial.Streams.Grains\Tutorial.Streams.Grains.csproj", "{98F2B329-B7D9-4846-9494-63C2A071A82F}"
EndProject
Project("{FAE04EC0-301F-11D3-BF4B-00C04F79EFBC}") = "Tutorial.Streams.SiloHost", "06-Streams\SiloHost\Tutorial.Streams.SiloHost\Tutorial.Streams.SiloHost.csproj", "{03A87152-E5CA-4B41-A562-6C67FE2A8DA6}"
EndProject
Project("{FAE04EC0-301F-11D3-BF4B-00C04F79EFBC}") = "Tutorial.Streams.Client", "06-Streams\Client\Tutorial.Streams.Client\Tutorial.Streams.Client.csproj", "{1B60C005-C7C0-42C4-A295-A95D93507622}"
EndProject
Global
	GlobalSection(SolutionConfigurationPlatforms) = preSolution
		Debug|Any CPU = Debug|Any CPU
		Debug|x64 = Debug|x64
		Debug|x86 = Debug|x86
		Release|Any CPU = Release|Any CPU
		Release|x64 = Release|x64
		Release|x86 = Release|x86
	EndGlobalSection
	GlobalSection(ProjectConfigurationPlatforms) = postSolution
		{4663C9F1-5716-44B8-81F5-5B5D2C306BA5}.Debug|Any CPU.ActiveCfg = Debug|Any CPU
		{4663C9F1-5716-44B8-81F5-5B5D2C306BA5}.Debug|Any CPU.Build.0 = Debug|Any CPU
		{4663C9F1-5716-44B8-81F5-5B5D2C306BA5}.Debug|x64.ActiveCfg = Debug|Any CPU
		{4663C9F1-5716-44B8-81F5-5B5D2C306BA5}.Debug|x64.Build.0 = Debug|Any CPU
		{4663C9F1-5716-44B8-81F5-5B5D2C306BA5}.Debug|x86.ActiveCfg = Debug|Any CPU
		{4663C9F1-5716-44B8-81F5-5B5D2C306BA5}.Debug|x86.Build.0 = Debug|Any CPU
		{4663C9F1-5716-44B8-81F5-5B5D2C306BA5}.Release|Any CPU.ActiveCfg = Release|Any CPU
		{4663C9F1-5716-44B8-81F5-5B5D2C306BA5}.Release|Any CPU.Build.0 = Release|Any CPU
		{4663C9F1-5716-44B8-81F5-5B5D2C306BA5}.Release|x64.ActiveCfg = Release|Any CPU
		{4663C9F1-5716-44B8-81F5-5B5D2C306BA5}.Release|x64.Build.0 = Release|Any CPU
		{4663C9F1-5716-44B8-81F5-5B5D2C306BA5}.Release|x86.ActiveCfg = Release|Any CPU
		{4663C9F1-5716-44B8-81F5-5B5D2C306BA5}.Release|x86.Build.0 = Release|Any CPU
		{905BA0B4-D649-422E-AA3B-798163EF2AEE}.Debug|Any CPU.ActiveCfg = Debug|Any CPU
		{905BA0B4-D649-422E-AA3B-798163EF2AEE}.Debug|Any CPU.Build.0 = Debug|Any CPU
		{905BA0B4-D649-422E-AA3B-798163EF2AEE}.Debug|x64.ActiveCfg = Debug|Any CPU
		{905BA0B4-D649-422E-AA3B-798163EF2AEE}.Debug|x64.Build.0 = Debug|Any CPU
		{905BA0B4-D649-422E-AA3B-798163EF2AEE}.Debug|x86.ActiveCfg = Debug|Any CPU
		{905BA0B4-D649-422E-AA3B-798163EF2AEE}.Debug|x86.Build.0 = Debug|Any CPU
		{905BA0B4-D649-422E-AA3B-798163EF2AEE}.Release|Any CPU.ActiveCfg = Release|Any CPU
		{905BA0B4-D649-422E-AA3B-798163EF2AEE}.Release|Any CPU.Build.0 = Release|Any CPU
		{905BA0B4-D649-422E-AA3B-798163EF2AEE}.Release|x64.ActiveCfg = Release|Any CPU
		{905BA0B4-D649-422E-AA3B-798163EF2AEE}.Release|x64.Build.0 = Release|Any CPU
		{905BA0B4-D649-422E-AA3B-798163EF2AEE}.Release|x86.ActiveCfg = Release|Any CPU
		{905BA0B4-D649-422E-AA3B-798163EF2AEE}.Release|x86.Build.0 = Release|Any CPU
		{EEAD1949-68CC-4800-92A8-8FEED4D479EA}.Debug|Any CPU.ActiveCfg = Debug|Any CPU
		{EEAD1949-68CC-4800-92A8-8FEED4D479EA}.Debug|Any CPU.Build.0 = Debug|Any CPU
		{EEAD1949-68CC-4800-92A8-8FEED4D479EA}.Debug|x64.ActiveCfg = Debug|Any CPU
		{EEAD1949-68CC-4800-92A8-8FEED4D479EA}.Debug|x64.Build.0 = Debug|Any CPU
		{EEAD1949-68CC-4800-92A8-8FEED4D479EA}.Debug|x86.ActiveCfg = Debug|Any CPU
		{EEAD1949-68CC-4800-92A8-8FEED4D479EA}.Debug|x86.Build.0 = Debug|Any CPU
		{EEAD1949-68CC-4800-92A8-8FEED4D479EA}.Release|Any CPU.ActiveCfg = Release|Any CPU
		{EEAD1949-68CC-4800-92A8-8FEED4D479EA}.Release|Any CPU.Build.0 = Release|Any CPU
		{EEAD1949-68CC-4800-92A8-8FEED4D479EA}.Release|x64.ActiveCfg = Release|Any CPU
		{EEAD1949-68CC-4800-92A8-8FEED4D479EA}.Release|x64.Build.0 = Release|Any CPU
		{EEAD1949-68CC-4800-92A8-8FEED4D479EA}.Release|x86.ActiveCfg = Release|Any CPU
		{EEAD1949-68CC-4800-92A8-8FEED4D479EA}.Release|x86.Build.0 = Release|Any CPU
		{17B538D4-3FA1-414C-9A4B-EF19489D5F34}.Debug|Any CPU.ActiveCfg = Debug|Any CPU
		{17B538D4-3FA1-414C-9A4B-EF19489D5F34}.Debug|Any CPU.Build.0 = Debug|Any CPU
		{17B538D4-3FA1-414C-9A4B-EF19489D5F34}.Debug|x64.ActiveCfg = Debug|Any CPU
		{17B538D4-3FA1-414C-9A4B-EF19489D5F34}.Debug|x64.Build.0 = Debug|Any CPU
		{17B538D4-3FA1-414C-9A4B-EF19489D5F34}.Debug|x86.ActiveCfg = Debug|Any CPU
		{17B538D4-3FA1-414C-9A4B-EF19489D5F34}.Debug|x86.Build.0 = Debug|Any CPU
		{17B538D4-3FA1-414C-9A4B-EF19489D5F34}.Release|Any CPU.ActiveCfg = Release|Any CPU
		{17B538D4-3FA1-414C-9A4B-EF19489D5F34}.Release|Any CPU.Build.0 = Release|Any CPU
		{17B538D4-3FA1-414C-9A4B-EF19489D5F34}.Release|x64.ActiveCfg = Release|Any CPU
		{17B538D4-3FA1-414C-9A4B-EF19489D5F34}.Release|x64.Build.0 = Release|Any CPU
		{17B538D4-3FA1-414C-9A4B-EF19489D5F34}.Release|x86.ActiveCfg = Release|Any CPU
		{17B538D4-3FA1-414C-9A4B-EF19489D5F34}.Release|x86.Build.0 = Release|Any CPU
		{21EEBCCC-FA00-4619-A62C-79B8562AF3E4}.Debug|Any CPU.ActiveCfg = Debug|Any CPU
		{21EEBCCC-FA00-4619-A62C-79B8562AF3E4}.Debug|Any CPU.Build.0 = Debug|Any CPU
		{21EEBCCC-FA00-4619-A62C-79B8562AF3E4}.Debug|x64.ActiveCfg = Debug|Any CPU
		{21EEBCCC-FA00-4619-A62C-79B8562AF3E4}.Debug|x64.Build.0 = Debug|Any CPU
		{21EEBCCC-FA00-4619-A62C-79B8562AF3E4}.Debug|x86.ActiveCfg = Debug|Any CPU
		{21EEBCCC-FA00-4619-A62C-79B8562AF3E4}.Debug|x86.Build.0 = Debug|Any CPU
		{21EEBCCC-FA00-4619-A62C-79B8562AF3E4}.Release|Any CPU.ActiveCfg = Release|Any CPU
		{21EEBCCC-FA00-4619-A62C-79B8562AF3E4}.Release|Any CPU.Build.0 = Release|Any CPU
		{21EEBCCC-FA00-4619-A62C-79B8562AF3E4}.Release|x64.ActiveCfg = Release|Any CPU
		{21EEBCCC-FA00-4619-A62C-79B8562AF3E4}.Release|x64.Build.0 = Release|Any CPU
		{21EEBCCC-FA00-4619-A62C-79B8562AF3E4}.Release|x86.ActiveCfg = Release|Any CPU
		{21EEBCCC-FA00-4619-A62C-79B8562AF3E4}.Release|x86.Build.0 = Release|Any CPU
		{DAD79EC9-0663-41FB-BA8C-62F44DC5F772}.Debug|Any CPU.ActiveCfg = Debug|Any CPU
		{DAD79EC9-0663-41FB-BA8C-62F44DC5F772}.Debug|Any CPU.Build.0 = Debug|Any CPU
		{DAD79EC9-0663-41FB-BA8C-62F44DC5F772}.Debug|x64.ActiveCfg = Debug|Any CPU
		{DAD79EC9-0663-41FB-BA8C-62F44DC5F772}.Debug|x64.Build.0 = Debug|Any CPU
		{DAD79EC9-0663-41FB-BA8C-62F44DC5F772}.Debug|x86.ActiveCfg = Debug|Any CPU
		{DAD79EC9-0663-41FB-BA8C-62F44DC5F772}.Debug|x86.Build.0 = Debug|Any CPU
		{DAD79EC9-0663-41FB-BA8C-62F44DC5F772}.Release|Any CPU.ActiveCfg = Release|Any CPU
		{DAD79EC9-0663-41FB-BA8C-62F44DC5F772}.Release|Any CPU.Build.0 = Release|Any CPU
		{DAD79EC9-0663-41FB-BA8C-62F44DC5F772}.Release|x64.ActiveCfg = Release|Any CPU
		{DAD79EC9-0663-41FB-BA8C-62F44DC5F772}.Release|x64.Build.0 = Release|Any CPU
		{DAD79EC9-0663-41FB-BA8C-62F44DC5F772}.Release|x86.ActiveCfg = Release|Any CPU
		{DAD79EC9-0663-41FB-BA8C-62F44DC5F772}.Release|x86.Build.0 = Release|Any CPU
		{BD64AADC-9CFA-40C0-B46A-19A6FC251550}.Debug|Any CPU.ActiveCfg = Debug|Any CPU
		{BD64AADC-9CFA-40C0-B46A-19A6FC251550}.Debug|Any CPU.Build.0 = Debug|Any CPU
		{BD64AADC-9CFA-40C0-B46A-19A6FC251550}.Debug|x64.ActiveCfg = Debug|Any CPU
		{BD64AADC-9CFA-40C0-B46A-19A6FC251550}.Debug|x64.Build.0 = Debug|Any CPU
		{BD64AADC-9CFA-40C0-B46A-19A6FC251550}.Debug|x86.ActiveCfg = Debug|Any CPU
		{BD64AADC-9CFA-40C0-B46A-19A6FC251550}.Debug|x86.Build.0 = Debug|Any CPU
		{BD64AADC-9CFA-40C0-B46A-19A6FC251550}.Release|Any CPU.ActiveCfg = Release|Any CPU
		{BD64AADC-9CFA-40C0-B46A-19A6FC251550}.Release|Any CPU.Build.0 = Release|Any CPU
		{BD64AADC-9CFA-40C0-B46A-19A6FC251550}.Release|x64.ActiveCfg = Release|Any CPU
		{BD64AADC-9CFA-40C0-B46A-19A6FC251550}.Release|x64.Build.0 = Release|Any CPU
		{BD64AADC-9CFA-40C0-B46A-19A6FC251550}.Release|x86.ActiveCfg = Release|Any CPU
		{BD64AADC-9CFA-40C0-B46A-19A6FC251550}.Release|x86.Build.0 = Release|Any CPU
		{D6A97439-6D05-47C0-BEEF-BA3F9AAB368E}.Debug|Any CPU.ActiveCfg = Debug|Any CPU
		{D6A97439-6D05-47C0-BEEF-BA3F9AAB368E}.Debug|Any CPU.Build.0 = Debug|Any CPU
		{D6A97439-6D05-47C0-BEEF-BA3F9AAB368E}.Debug|x64.ActiveCfg = Debug|Any CPU
		{D6A97439-6D05-47C0-BEEF-BA3F9AAB368E}.Debug|x64.Build.0 = Debug|Any CPU
		{D6A97439-6D05-47C0-BEEF-BA3F9AAB368E}.Debug|x86.ActiveCfg = Debug|Any CPU
		{D6A97439-6D05-47C0-BEEF-BA3F9AAB368E}.Debug|x86.Build.0 = Debug|Any CPU
		{D6A97439-6D05-47C0-BEEF-BA3F9AAB368E}.Release|Any CPU.ActiveCfg = Release|Any CPU
		{D6A97439-6D05-47C0-BEEF-BA3F9AAB368E}.Release|Any CPU.Build.0 = Release|Any CPU
		{D6A97439-6D05-47C0-BEEF-BA3F9AAB368E}.Release|x64.ActiveCfg = Release|Any CPU
		{D6A97439-6D05-47C0-BEEF-BA3F9AAB368E}.Release|x64.Build.0 = Release|Any CPU
		{D6A97439-6D05-47C0-BEEF-BA3F9AAB368E}.Release|x86.ActiveCfg = Release|Any CPU
		{D6A97439-6D05-47C0-BEEF-BA3F9AAB368E}.Release|x86.Build.0 = Release|Any CPU
		{E5426959-2B28-40E4-A637-716C74E08FC4}.Debug|Any CPU.ActiveCfg = Debug|Any CPU
		{E5426959-2B28-40E4-A637-716C74E08FC4}.Debug|Any CPU.Build.0 = Debug|Any CPU
		{E5426959-2B28-40E4-A637-716C74E08FC4}.Debug|x64.ActiveCfg = Debug|Any CPU
		{E5426959-2B28-40E4-A637-716C74E08FC4}.Debug|x64.Build.0 = Debug|Any CPU
		{E5426959-2B28-40E4-A637-716C74E08FC4}.Debug|x86.ActiveCfg = Debug|Any CPU
		{E5426959-2B28-40E4-A637-716C74E08FC4}.Debug|x86.Build.0 = Debug|Any CPU
		{E5426959-2B28-40E4-A637-716C74E08FC4}.Release|Any CPU.ActiveCfg = Release|Any CPU
		{E5426959-2B28-40E4-A637-716C74E08FC4}.Release|Any CPU.Build.0 = Release|Any CPU
		{E5426959-2B28-40E4-A637-716C74E08FC4}.Release|x64.ActiveCfg = Release|Any CPU
		{E5426959-2B28-40E4-A637-716C74E08FC4}.Release|x64.Build.0 = Release|Any CPU
		{E5426959-2B28-40E4-A637-716C74E08FC4}.Release|x86.ActiveCfg = Release|Any CPU
		{E5426959-2B28-40E4-A637-716C74E08FC4}.Release|x86.Build.0 = Release|Any CPU
		{0B708024-013F-4A88-B948-D82D916DB861}.Debug|Any CPU.ActiveCfg = Debug|Any CPU
		{0B708024-013F-4A88-B948-D82D916DB861}.Debug|Any CPU.Build.0 = Debug|Any CPU
		{0B708024-013F-4A88-B948-D82D916DB861}.Debug|x64.ActiveCfg = Debug|Any CPU
		{0B708024-013F-4A88-B948-D82D916DB861}.Debug|x64.Build.0 = Debug|Any CPU
		{0B708024-013F-4A88-B948-D82D916DB861}.Debug|x86.ActiveCfg = Debug|Any CPU
		{0B708024-013F-4A88-B948-D82D916DB861}.Debug|x86.Build.0 = Debug|Any CPU
		{0B708024-013F-4A88-B948-D82D916DB861}.Release|Any CPU.ActiveCfg = Release|Any CPU
		{0B708024-013F-4A88-B948-D82D916DB861}.Release|Any CPU.Build.0 = Release|Any CPU
		{0B708024-013F-4A88-B948-D82D916DB861}.Release|x64.ActiveCfg = Release|Any CPU
		{0B708024-013F-4A88-B948-D82D916DB861}.Release|x64.Build.0 = Release|Any CPU
		{0B708024-013F-4A88-B948-D82D916DB861}.Release|x86.ActiveCfg = Release|Any CPU
		{0B708024-013F-4A88-B948-D82D916DB861}.Release|x86.Build.0 = Release|Any CPU
		{DF9AE057-770C-45FA-A4EE-D4E512CF885E}.Debug|Any CPU.ActiveCfg = Debug|Any CPU
		{DF9AE057-770C-45FA-A4EE-D4E512CF885E}.Debug|Any CPU.Build.0 = Debug|Any CPU
		{DF9AE057-770C-45FA-A4EE-D4E512CF885E}.Debug|x64.ActiveCfg = Debug|Any CPU
		{DF9AE057-770C-45FA-A4EE-D4E512CF885E}.Debug|x64.Build.0 = Debug|Any CPU
		{DF9AE057-770C-45FA-A4EE-D4E512CF885E}.Debug|x86.ActiveCfg = Debug|Any CPU
		{DF9AE057-770C-45FA-A4EE-D4E512CF885E}.Debug|x86.Build.0 = Debug|Any CPU
		{DF9AE057-770C-45FA-A4EE-D4E512CF885E}.Release|Any CPU.ActiveCfg = Release|Any CPU
		{DF9AE057-770C-45FA-A4EE-D4E512CF885E}.Release|Any CPU.Build.0 = Release|Any CPU
		{DF9AE057-770C-45FA-A4EE-D4E512CF885E}.Release|x64.ActiveCfg = Release|Any CPU
		{DF9AE057-770C-45FA-A4EE-D4E512CF885E}.Release|x64.Build.0 = Release|Any CPU
		{DF9AE057-770C-45FA-A4EE-D4E512CF885E}.Release|x86.ActiveCfg = Release|Any CPU
		{DF9AE057-770C-45FA-A4EE-D4E512CF885E}.Release|x86.Build.0 = Release|Any CPU
		{681E8836-C52E-41C9-AE1B-F67F66F6D924}.Debug|Any CPU.ActiveCfg = Debug|Any CPU
		{681E8836-C52E-41C9-AE1B-F67F66F6D924}.Debug|Any CPU.Build.0 = Debug|Any CPU
		{681E8836-C52E-41C9-AE1B-F67F66F6D924}.Debug|x64.ActiveCfg = Debug|Any CPU
		{681E8836-C52E-41C9-AE1B-F67F66F6D924}.Debug|x64.Build.0 = Debug|Any CPU
		{681E8836-C52E-41C9-AE1B-F67F66F6D924}.Debug|x86.ActiveCfg = Debug|Any CPU
		{681E8836-C52E-41C9-AE1B-F67F66F6D924}.Debug|x86.Build.0 = Debug|Any CPU
		{681E8836-C52E-41C9-AE1B-F67F66F6D924}.Release|Any CPU.ActiveCfg = Release|Any CPU
		{681E8836-C52E-41C9-AE1B-F67F66F6D924}.Release|Any CPU.Build.0 = Release|Any CPU
		{681E8836-C52E-41C9-AE1B-F67F66F6D924}.Release|x64.ActiveCfg = Release|Any CPU
		{681E8836-C52E-41C9-AE1B-F67F66F6D924}.Release|x64.Build.0 = Release|Any CPU
		{681E8836-C52E-41C9-AE1B-F67F66F6D924}.Release|x86.ActiveCfg = Release|Any CPU
		{681E8836-C52E-41C9-AE1B-F67F66F6D924}.Release|x86.Build.0 = Release|Any CPU
		{54BAE238-3B9F-40F3-843D-91872B1B256C}.Debug|Any CPU.ActiveCfg = Debug|Any CPU
		{54BAE238-3B9F-40F3-843D-91872B1B256C}.Debug|Any CPU.Build.0 = Debug|Any CPU
		{54BAE238-3B9F-40F3-843D-91872B1B256C}.Debug|x64.ActiveCfg = Debug|Any CPU
		{54BAE238-3B9F-40F3-843D-91872B1B256C}.Debug|x64.Build.0 = Debug|Any CPU
		{54BAE238-3B9F-40F3-843D-91872B1B256C}.Debug|x86.ActiveCfg = Debug|Any CPU
		{54BAE238-3B9F-40F3-843D-91872B1B256C}.Debug|x86.Build.0 = Debug|Any CPU
		{54BAE238-3B9F-40F3-843D-91872B1B256C}.Release|Any CPU.ActiveCfg = Release|Any CPU
		{54BAE238-3B9F-40F3-843D-91872B1B256C}.Release|Any CPU.Build.0 = Release|Any CPU
		{54BAE238-3B9F-40F3-843D-91872B1B256C}.Release|x64.ActiveCfg = Release|Any CPU
		{54BAE238-3B9F-40F3-843D-91872B1B256C}.Release|x64.Build.0 = Release|Any CPU
		{54BAE238-3B9F-40F3-843D-91872B1B256C}.Release|x86.ActiveCfg = Release|Any CPU
		{54BAE238-3B9F-40F3-843D-91872B1B256C}.Release|x86.Build.0 = Release|Any CPU
		{40418DD3-C8F6-4242-8382-180133098DE2}.Debug|Any CPU.ActiveCfg = Debug|Any CPU
		{40418DD3-C8F6-4242-8382-180133098DE2}.Debug|Any CPU.Build.0 = Debug|Any CPU
		{40418DD3-C8F6-4242-8382-180133098DE2}.Debug|x64.ActiveCfg = Debug|Any CPU
		{40418DD3-C8F6-4242-8382-180133098DE2}.Debug|x64.Build.0 = Debug|Any CPU
		{40418DD3-C8F6-4242-8382-180133098DE2}.Debug|x86.ActiveCfg = Debug|Any CPU
		{40418DD3-C8F6-4242-8382-180133098DE2}.Debug|x86.Build.0 = Debug|Any CPU
		{40418DD3-C8F6-4242-8382-180133098DE2}.Release|Any CPU.ActiveCfg = Release|Any CPU
		{40418DD3-C8F6-4242-8382-180133098DE2}.Release|Any CPU.Build.0 = Release|Any CPU
		{40418DD3-C8F6-4242-8382-180133098DE2}.Release|x64.ActiveCfg = Release|Any CPU
		{40418DD3-C8F6-4242-8382-180133098DE2}.Release|x64.Build.0 = Release|Any CPU
		{40418DD3-C8F6-4242-8382-180133098DE2}.Release|x86.ActiveCfg = Release|Any CPU
		{40418DD3-C8F6-4242-8382-180133098DE2}.Release|x86.Build.0 = Release|Any CPU
		{078FF608-DC97-48DF-8BAE-97A0DC9C007C}.Debug|Any CPU.ActiveCfg = Debug|Any CPU
		{078FF608-DC97-48DF-8BAE-97A0DC9C007C}.Debug|Any CPU.Build.0 = Debug|Any CPU
		{078FF608-DC97-48DF-8BAE-97A0DC9C007C}.Debug|x64.ActiveCfg = Debug|Any CPU
		{078FF608-DC97-48DF-8BAE-97A0DC9C007C}.Debug|x64.Build.0 = Debug|Any CPU
		{078FF608-DC97-48DF-8BAE-97A0DC9C007C}.Debug|x86.ActiveCfg = Debug|Any CPU
		{078FF608-DC97-48DF-8BAE-97A0DC9C007C}.Debug|x86.Build.0 = Debug|Any CPU
		{078FF608-DC97-48DF-8BAE-97A0DC9C007C}.Release|Any CPU.ActiveCfg = Release|Any CPU
		{078FF608-DC97-48DF-8BAE-97A0DC9C007C}.Release|Any CPU.Build.0 = Release|Any CPU
		{078FF608-DC97-48DF-8BAE-97A0DC9C007C}.Release|x64.ActiveCfg = Release|Any CPU
		{078FF608-DC97-48DF-8BAE-97A0DC9C007C}.Release|x64.Build.0 = Release|Any CPU
		{078FF608-DC97-48DF-8BAE-97A0DC9C007C}.Release|x86.ActiveCfg = Release|Any CPU
		{078FF608-DC97-48DF-8BAE-97A0DC9C007C}.Release|x86.Build.0 = Release|Any CPU
		{98F2B329-B7D9-4846-9494-63C2A071A82F}.Debug|Any CPU.ActiveCfg = Debug|Any CPU
		{98F2B329-B7D9-4846-9494-63C2A071A82F}.Debug|Any CPU.Build.0 = Debug|Any CPU
		{98F2B329-B7D9-4846-9494-63C2A071A82F}.Debug|x64.ActiveCfg = Debug|Any CPU
		{98F2B329-B7D9-4846-9494-63C2A071A82F}.Debug|x64.Build.0 = Debug|Any CPU
		{98F2B329-B7D9-4846-9494-63C2A071A82F}.Debug|x86.ActiveCfg = Debug|Any CPU
		{98F2B329-B7D9-4846-9494-63C2A071A82F}.Debug|x86.Build.0 = Debug|Any CPU
		{98F2B329-B7D9-4846-9494-63C2A071A82F}.Release|Any CPU.ActiveCfg = Release|Any CPU
		{98F2B329-B7D9-4846-9494-63C2A071A82F}.Release|Any CPU.Build.0 = Release|Any CPU
		{98F2B329-B7D9-4846-9494-63C2A071A82F}.Release|x64.ActiveCfg = Release|Any CPU
		{98F2B329-B7D9-4846-9494-63C2A071A82F}.Release|x64.Build.0 = Release|Any CPU
		{98F2B329-B7D9-4846-9494-63C2A071A82F}.Release|x86.ActiveCfg = Release|Any CPU
		{98F2B329-B7D9-4846-9494-63C2A071A82F}.Release|x86.Build.0 = Release|Any CPU
		{03A87152-E5CA-4B41-A562-6C67FE2A8DA6}.Debug|Any CPU.ActiveCfg = Debug|Any CPU
		{03A87152-E5CA-4B41-A562-6C67FE2A8DA6}.Debug|Any CPU.Build.0 = Debug|Any CPU
		{03A87152-E5CA-4B41-A562-6C67FE2A8DA6}.Debug|x64.ActiveCfg = Debug|Any CPU
		{03A87152-E5CA-4B41-A562-6C67FE2A8DA6}.Debug|x64.Build.0 = Debug|Any CPU
		{03A87152-E5CA-4B41-A562-6C67FE2A8DA6}.Debug|x86.ActiveCfg = Debug|Any CPU
		{03A87152-E5CA-4B41-A562-6C67FE2A8DA6}.Debug|x86.Build.0 = Debug|Any CPU
		{03A87152-E5CA-4B41-A562-6C67FE2A8DA6}.Release|Any CPU.ActiveCfg = Release|Any CPU
		{03A87152-E5CA-4B41-A562-6C67FE2A8DA6}.Release|Any CPU.Build.0 = Release|Any CPU
		{03A87152-E5CA-4B41-A562-6C67FE2A8DA6}.Release|x64.ActiveCfg = Release|Any CPU
		{03A87152-E5CA-4B41-A562-6C67FE2A8DA6}.Release|x64.Build.0 = Release|Any CPU
		{03A87152-E5CA-4B41-A562-6C67FE2A8DA6}.Release|x86.ActiveCfg = Release|Any CPU
		{03A87152-E5CA-4B41-A562-6C67FE2A8DA6}.Release|x86.Build.0 = Release|Any CPU
		{1B60C005-C7C0-42C4-A295-A95D93507622}.Debug|Any CPU.ActiveCfg = Debug|Any CPU
		{1B60C005-C7C0-42C4-A295-A95D93507622}.Debug|Any CPU.Build.0 = Debug|Any CPU
		{1B60C005-C7C0-42C4-A295-A95D93507622}.Debug|x64.ActiveCfg = Debug|Any CPU
		{1B60C005-C7C0-42C4-A295-A95D93507622}.Debug|x64.Build.0 = Debug|Any CPU
		{1B60C005-C7C0-42C4-A295-A95D93507622}.Debug|x86.ActiveCfg = Debug|Any CPU
		{1B60C005-C7C0-42C4-A295-A95D93507622}.Debug|x86.Build.0 = Debug|Any CPU
		{1B60C005-C7C0-42C4-A295-A95D93507622}.Release|Any CPU.ActiveCfg = Release|Any CPU
		{1B60C005-C7C0-42C4-A295-A95D93507622}.Release|Any CPU.Build.0 = Release|Any CPU
		{1B60C005-C7C0-42C4-A295-A95D93507622}.Release|x64.ActiveCfg = Release|Any CPU
		{1B60C005-C7C0-42C4-A295-A95D93507622}.Release|x64.Build.0 = Release|Any CPU
		{1B60C005-C7C0-42C4-A295-A95D93507622}.Release|x86.ActiveCfg = Release|Any CPU
		{1B60C005-C7C0-42C4-A295-A95D93507622}.Release|x86.Build.0 = Release|Any CPU
	EndGlobalSection
	GlobalSection(SolutionProperties) = preSolution
		HideSolutionNode = FALSE
	EndGlobalSection
	GlobalSection(NestedProjects) = preSolution
		{9FE5F4A6-2420-9881-D325-3F3941F93AFE} = {A5BA735B-D938-B417-81B2-3D277167FF41}
		{4663C9F1-5716-44B8-81F5-5B5D2C306BA5} = {9FE5F4A6-2420-9881-D325-3F3941F93AFE}
		{905BA0B4-D649-422E-AA3B-798163EF2AEE} = {9FE5F4A6-2420-9881-D325-3F3941F93AFE}
		{EEAD1949-68CC-4800-92A8-8FEED4D479EA} = {9FE5F4A6-2420-9881-D325-3F3941F93AFE}
		{DC7D95FC-1ADF-F3C5-00CD-F8B73933814E} = {337B42F7-2884-7D63-C49A-5498B90A4DE6}
		{17B538D4-3FA1-414C-9A4B-EF19489D5F34} = {DC7D95FC-1ADF-F3C5-00CD-F8B73933814E}
		{21EEBCCC-FA00-4619-A62C-79B8562AF3E4} = {DC7D95FC-1ADF-F3C5-00CD-F8B73933814E}
		{DAD79EC9-0663-41FB-BA8C-62F44DC5F772} = {DC7D95FC-1ADF-F3C5-00CD-F8B73933814E}
		{4F255E75-CFF0-3635-CBA7-F8E11726DF91} = {AD67065E-8513-AC29-9C8D-FD3371D44C83}
		{BD64AADC-9CFA-40C0-B46A-19A6FC251550} = {4F255E75-CFF0-3635-CBA7-F8E11726DF91}
		{D6A97439-6D05-47C0-BEEF-BA3F9AAB368E} = {4F255E75-CFF0-3635-CBA7-F8E11726DF91}
		{E5426959-2B28-40E4-A637-716C74E08FC4} = {4F255E75-CFF0-3635-CBA7-F8E11726DF91}
		{D8E41F31-9FE9-110F-9392-CB1A4B22B54B} = {CA5B4A13-3E51-11D6-E7FE-CE5D98364266}
		{0B708024-013F-4A88-B948-D82D916DB861} = {D8E41F31-9FE9-110F-9392-CB1A4B22B54B}
		{DF9AE057-770C-45FA-A4EE-D4E512CF885E} = {D8E41F31-9FE9-110F-9392-CB1A4B22B54B}
		{681E8836-C52E-41C9-AE1B-F67F66F6D924} = {D8E41F31-9FE9-110F-9392-CB1A4B22B54B}
		{7392B133-40D0-3DEB-AB9D-433F98993958} = {ADB67879-2487-7C41-BAE6-F1BCE7802448}
		{54BAE238-3B9F-40F3-843D-91872B1B256C} = {7392B133-40D0-3DEB-AB9D-433F98993958}
		{40418DD3-C8F6-4242-8382-180133098DE2} = {7392B133-40D0-3DEB-AB9D-433F98993958}
		{078FF608-DC97-48DF-8BAE-97A0DC9C007C} = {7392B133-40D0-3DEB-AB9D-433F98993958}
		{A5FF9E7E-9B97-DEAF-335C-52A8F180E1EE} = {E6CEDFE5-57F7-118C-8C82-F12A791CA554}
		{98F2B329-B7D9-4846-9494-63C2A071A82F} = {A5FF9E7E-9B97-DEAF-335C-52A8F180E1EE}
		{03A87152-E5CA-4B41-A562-6C67FE2A8DA6} = {A5FF9E7E-9B97-DEAF-335C-52A8F180E1EE}
		{1B60C005-C7C0-42C4-A295-A95D93507622} = {A5FF9E7E-9B97-DEAF-335C-52A8F180E1EE}
	EndGlobalSection
EndGlobal
